
Microsoft Visual Studio Solution File, Format Version 12.00
# Visual Studio Version 17
VisualStudioVersion = 17.2.32616.157
MinimumVisualStudioVersion = 10.0.40219.1
Project("{FAE04EC0-301F-11D3-BF4B-00C04F79EFBC}") = "M2P2-DEVinCar", "M2P2-DEVinCar\M2P2-DEVinCar.csproj", "{8F1CDE7A-5397-48D2-9D3A-3AC1024BBCDC}"
EndProject
Global
	GlobalSection(SolutionConfigurationPlatforms) = preSolution
		Debug|Any CPU = Debug|Any CPU
		Release|Any CPU = Release|Any CPU
	EndGlobalSection
	GlobalSection(ProjectConfigurationPlatforms) = postSolution
		{8F1CDE7A-5397-48D2-9D3A-3AC1024BBCDC}.Debug|Any CPU.ActiveCfg = Debug|Any CPU
		{8F1CDE7A-5397-48D2-9D3A-3AC1024BBCDC}.Debug|Any CPU.Build.0 = Debug|Any CPU
		{8F1CDE7A-5397-48D2-9D3A-3AC1024BBCDC}.Release|Any CPU.ActiveCfg = Release|Any CPU
		{8F1CDE7A-5397-48D2-9D3A-3AC1024BBCDC}.Release|Any CPU.Build.0 = Release|Any CPU
	EndGlobalSection
	GlobalSection(SolutionProperties) = preSolution
		HideSolutionNode = FALSE
	EndGlobalSection
	GlobalSection(ExtensibilityGlobals) = postSolution
		SolutionGuid = {AACE4EE4-611D-4CBB-B9F4-E2211DF93018}
	EndGlobalSection
EndGlobal
